<?xml version="1.0" encoding="utf-8"?>
<Project ToolsVersion="4.0" xmlns="http://schemas.microsoft.com/developer/msbuild/2003">
  <ItemGroup>
    <Filter Include="Platform">
      <UniqueIdentifier>{2AC788B4-1694-E3BF-3FAD-D1672BD9184E}</UniqueIdentifier>
    </Filter>
    <Filter Include="Variant">
      <UniqueIdentifier>{BA935ECA-2673-DD65-2F8B-683C9BE943C7}</UniqueIdentifier>
    </Filter>
    <Filter Include="Variant\Events">
      <UniqueIdentifier>{5E8A25F5-4A58-19FB-33EC-89211F59F55F}</UniqueIdentifier>
    </Filter>
    <Filter Include="Variant\imgui">
      <UniqueIdentifier>{A404DDAC-10C5-58E3-D9FF-A160457F9DBF}</UniqueIdentifier>
    </Filter>
    <Filter Include="Variant\opengl">
      <UniqueIdentifier>{0EA0B156-FA6D-A55C-E301-1683CF6E81C1}</UniqueIdentifier>
    </Filter>
  </ItemGroup>
  <ItemGroup>
    <ClInclude Include="src\Platform\windowsWindow.h">
      <Filter>Platform</Filter>
    </ClInclude>
    <ClInclude Include="src\Variant.h" />
    <ClInclude Include="src\Variant\Application.h">
      <Filter>Variant</Filter>
    </ClInclude>
    <ClInclude Include="src\Variant\EntryPoint.h">
      <Filter>Variant</Filter>
    </ClInclude>
    <ClInclude Include="src\Variant\Events\ApplicationEvent.h">
      <Filter>Variant\Events</Filter>
    </ClInclude>
    <ClInclude Include="src\Variant\Events\Event.h">
      <Filter>Variant\Events</Filter>
    </ClInclude>
    <ClInclude Include="src\Variant\Events\keyEvent.h">
      <Filter>Variant\Events</Filter>
    </ClInclude>
    <ClInclude Include="src\Variant\Events\mouseEvent.h">
      <Filter>Variant\Events</Filter>
    </ClInclude>
    <ClInclude Include="src\Variant\Window.h">
      <Filter>Variant</Filter>
    </ClInclude>
    <ClInclude Include="src\Variant\core.h">
      <Filter>Variant</Filter>
    </ClInclude>
    <ClInclude Include="src\Variant\imgui\imguiLayer.h">
      <Filter>Variant\imgui</Filter>
    </ClInclude>
    <ClInclude Include="src\Variant\layer.h">
      <Filter>Variant</Filter>
    </ClInclude>
    <ClInclude Include="src\Variant\layerStack.h">
      <Filter>Variant</Filter>
    </ClInclude>
    <ClInclude Include="src\Variant\log.h">
      <Filter>Variant</Filter>
    </ClInclude>
    <ClInclude Include="src\Variant\opengl\imgui_impl_glfw.h">
      <Filter>Variant\opengl</Filter>
    </ClInclude>
    <ClInclude Include="src\Variant\opengl\imgui_impl_opengl3.h">
      <Filter>Variant\opengl</Filter>
    </ClInclude>
    <ClInclude Include="src\vrpch.h" />
  </ItemGroup>
  <ItemGroup>
    <ClCompile Include="src\Platform\windowsWindow.cpp">
      <Filter>Platform</Filter>
    </ClCompile>
    <ClCompile Include="src\Variant\Application.cpp">
      <Filter>Variant</Filter>
    </ClCompile>
    <ClCompile Include="src\Variant\imgui\imguiLayer.cpp">
      <Filter>Variant\imgui</Filter>
    </ClCompile>
    <ClCompile Include="src\Variant\layerStack.cpp">
      <Filter>Variant</Filter>
    </ClCompile>
    <ClCompile Include="src\Variant\log.cpp">
      <Filter>Variant</Filter>
    </ClCompile>
    <ClCompile Include="src\Variant\opengl\imgui_impl_opengl3.cpp">
      <Filter>Variant\opengl</Filter>
    </ClCompile>
    <ClCompile Include="src\vrpch.cpp" />
  </ItemGroup>
</Project>